// !$*UTF8*$!
{
	archiveVersion = 1;
	classes = {
	};
	objectVersion = 50;
	objects = {

/* Begin PBXBuildFile section */
		652044A624EACCEB00BBB82C /* arr1.jpg in Resources */ = {isa = PBXBuildFile; fileRef = 652044A524EACCEB00BBB82C /* arr1.jpg */; };
		652044A824EACDC300BBB82C /* arr2.jpg in Resources */ = {isa = PBXBuildFile; fileRef = 652044A724EACDC300BBB82C /* arr2.jpg */; };
		652044AA24EACE5800BBB82C /* arr3.jpg in Resources */ = {isa = PBXBuildFile; fileRef = 652044A924EACE5800BBB82C /* arr3.jpg */; };
		652044AC24EACEDF00BBB82C /* arr4.jpg in Resources */ = {isa = PBXBuildFile; fileRef = 652044AB24EACEDE00BBB82C /* arr4.jpg */; };
		652044AE24EACF3F00BBB82C /* arr5.jpg in Resources */ = {isa = PBXBuildFile; fileRef = 652044AD24EACF3F00BBB82C /* arr5.jpg */; };
		652044B424EAD11B00BBB82C /* arr7.jpg in Resources */ = {isa = PBXBuildFile; fileRef = 652044AF24EAD11A00BBB82C /* arr7.jpg */; };
		652044B524EAD11B00BBB82C /* arr8.jpg in Resources */ = {isa = PBXBuildFile; fileRef = 652044B024EAD11A00BBB82C /* arr8.jpg */; };
		652044B624EAD11B00BBB82C /* arr6.jpg in Resources */ = {isa = PBXBuildFile; fileRef = 652044B124EAD11B00BBB82C /* arr6.jpg */; };
		652044B724EAD11B00BBB82C /* arr9.jpg in Resources */ = {isa = PBXBuildFile; fileRef = 652044B224EAD11B00BBB82C /* arr9.jpg */; };
		652044B824EAD11B00BBB82C /* arr10.jpg in Resources */ = {isa = PBXBuildFile; fileRef = 652044B324EAD11B00BBB82C /* arr10.jpg */; };
		652044BE24EAD47C00BBB82C /* arr14.jpg in Resources */ = {isa = PBXBuildFile; fileRef = 652044B924EAD47C00BBB82C /* arr14.jpg */; };
		652044BF24EAD47C00BBB82C /* arr15.jpg in Resources */ = {isa = PBXBuildFile; fileRef = 652044BA24EAD47C00BBB82C /* arr15.jpg */; };
		652044C024EAD47C00BBB82C /* arr11.jpg in Resources */ = {isa = PBXBuildFile; fileRef = 652044BB24EAD47C00BBB82C /* arr11.jpg */; };
		652044C124EAD47C00BBB82C /* arr12.jpg in Resources */ = {isa = PBXBuildFile; fileRef = 652044BC24EAD47C00BBB82C /* arr12.jpg */; };
		652044C224EAD47C00BBB82C /* arr13.jpg in Resources */ = {isa = PBXBuildFile; fileRef = 652044BD24EAD47C00BBB82C /* arr13.jpg */; };
		652044C824EAD6FD00BBB82C /* arr20.jpg in Resources */ = {isa = PBXBuildFile; fileRef = 652044C324EAD6FD00BBB82C /* arr20.jpg */; };
		652044C924EAD6FD00BBB82C /* arr16.jpg in Resources */ = {isa = PBXBuildFile; fileRef = 652044C424EAD6FD00BBB82C /* arr16.jpg */; };
		652044CA24EAD6FD00BBB82C /* arr19.jpg in Resources */ = {isa = PBXBuildFile; fileRef = 652044C524EAD6FD00BBB82C /* arr19.jpg */; };
		652044CB24EAD6FE00BBB82C /* arr17.jpg in Resources */ = {isa = PBXBuildFile; fileRef = 652044C624EAD6FD00BBB82C /* arr17.jpg */; };
		652044CC24EAD6FE00BBB82C /* arr18.jpg in Resources */ = {isa = PBXBuildFile; fileRef = 652044C724EAD6FD00BBB82C /* arr18.jpg */; };
		652044CE24EAF0CC00BBB82C /* Color.xcassets in Resources */ = {isa = PBXBuildFile; fileRef = 652044CD24EAF0CC00BBB82C /* Color.xcassets */; };
		6527CFCF24DE8B1500A675A2 /* AppDelegate.swift in Sources */ = {isa = PBXBuildFile; fileRef = 6527CFCE24DE8B1500A675A2 /* AppDelegate.swift */; };
		6527CFD124DE8B1500A675A2 /* SceneDelegate.swift in Sources */ = {isa = PBXBuildFile; fileRef = 6527CFD024DE8B1500A675A2 /* SceneDelegate.swift */; };
		6527CFD324DE8B1500A675A2 /* ContentView.swift in Sources */ = {isa = PBXBuildFile; fileRef = 6527CFD224DE8B1500A675A2 /* ContentView.swift */; };
		6527CFD524DE8B1800A675A2 /* Assets.xcassets in Resources */ = {isa = PBXBuildFile; fileRef = 6527CFD424DE8B1800A675A2 /* Assets.xcassets */; };
		6527CFD824DE8B1800A675A2 /* Preview Assets.xcassets in Resources */ = {isa = PBXBuildFile; fileRef = 6527CFD724DE8B1800A675A2 /* Preview Assets.xcassets */; };
		6527CFDB24DE8B1800A675A2 /* LaunchScreen.storyboard in Resources */ = {isa = PBXBuildFile; fileRef = 6527CFD924DE8B1800A675A2 /* LaunchScreen.storyboard */; };
		6527CFE324DE9BE500A675A2 /* RectangleImage.swift in Sources */ = {isa = PBXBuildFile; fileRef = 6527CFE224DE9BE500A675A2 /* RectangleImage.swift */; };
		6527CFE524DE9F4200A675A2 /* MapView.swift in Sources */ = {isa = PBXBuildFile; fileRef = 6527CFE424DE9F4200A675A2 /* MapView.swift */; };
		6552C49E24E5A070003A765B /* Paris.png in Resources */ = {isa = PBXBuildFile; fileRef = 6552C49D24E5A070003A765B /* Paris.png */; };
		655FDDD124E5E15A0072560B /* Component 1.jpg in Resources */ = {isa = PBXBuildFile; fileRef = 655FDDD024E5E15A0072560B /* Component 1.jpg */; };
		6587EF7724E539020032FA18 /* Data.swift in Sources */ = {isa = PBXBuildFile; fileRef = 6587EF7624E539020032FA18 /* Data.swift */; };
		6587EF7924E5390C0032FA18 /* Landmark.swift in Sources */ = {isa = PBXBuildFile; fileRef = 6587EF7824E5390C0032FA18 /* Landmark.swift */; };
		6587EF7B24E539C10032FA18 /* landmarkData.json in Resources */ = {isa = PBXBuildFile; fileRef = 6587EF7A24E539C10032FA18 /* landmarkData.json */; };
		6587EFA524E573E50032FA18 /* LandmarkRows.swift in Sources */ = {isa = PBXBuildFile; fileRef = 6587EFA424E573E50032FA18 /* LandmarkRows.swift */; };
		6587EFA724E575230032FA18 /* ListView.swift in Sources */ = {isa = PBXBuildFile; fileRef = 6587EFA624E575230032FA18 /* ListView.swift */; };
/* End PBXBuildFile section */

/* Begin PBXFileReference section */
		652044A524EACCEB00BBB82C /* arr1.jpg */ = {isa = PBXFileReference; lastKnownFileType = image.jpeg; path = arr1.jpg; sourceTree = "<group>"; };
		652044A724EACDC300BBB82C /* arr2.jpg */ = {isa = PBXFileReference; lastKnownFileType = image.jpeg; path = arr2.jpg; sourceTree = "<group>"; };
		652044A924EACE5800BBB82C /* arr3.jpg */ = {isa = PBXFileReference; lastKnownFileType = image.jpeg; path = arr3.jpg; sourceTree = "<group>"; };
		652044AB24EACEDE00BBB82C /* arr4.jpg */ = {isa = PBXFileReference; lastKnownFileType = image.jpeg; path = arr4.jpg; sourceTree = "<group>"; };
		652044AD24EACF3F00BBB82C /* arr5.jpg */ = {isa = PBXFileReference; lastKnownFileType = image.jpeg; path = arr5.jpg; sourceTree = "<group>"; };
		652044AF24EAD11A00BBB82C /* arr7.jpg */ = {isa = PBXFileReference; lastKnownFileType = image.jpeg; path = arr7.jpg; sourceTree = "<group>"; };
		652044B024EAD11A00BBB82C /* arr8.jpg */ = {isa = PBXFileReference; lastKnownFileType = image.jpeg; path = arr8.jpg; sourceTree = "<group>"; };
		652044B124EAD11B00BBB82C /* arr6.jpg */ = {isa = PBXFileReference; lastKnownFileType = image.jpeg; path = arr6.jpg; sourceTree = "<group>"; };
		652044B224EAD11B00BBB82C /* arr9.jpg */ = {isa = PBXFileReference; lastKnownFileType = image.jpeg; path = arr9.jpg; sourceTree = "<group>"; };
		652044B324EAD11B00BBB82C /* arr10.jpg */ = {isa = PBXFileReference; lastKnownFileType = image.jpeg; path = arr10.jpg; sourceTree = "<group>"; };
		652044B924EAD47C00BBB82C /* arr14.jpg */ = {isa = PBXFileReference; lastKnownFileType = image.jpeg; path = arr14.jpg; sourceTree = "<group>"; };
		652044BA24EAD47C00BBB82C /* arr15.jpg */ = {isa = PBXFileReference; lastKnownFileType = image.jpeg; path = arr15.jpg; sourceTree = "<group>"; };
		652044BB24EAD47C00BBB82C /* arr11.jpg */ = {isa = PBXFileReference; lastKnownFileType = image.jpeg; path = arr11.jpg; sourceTree = "<group>"; };
		652044BC24EAD47C00BBB82C /* arr12.jpg */ = {isa = PBXFileReference; lastKnownFileType = image.jpeg; path = arr12.jpg; sourceTree = "<group>"; };
		652044BD24EAD47C00BBB82C /* arr13.jpg */ = {isa = PBXFileReference; lastKnownFileType = image.jpeg; path = arr13.jpg; sourceTree = "<group>"; };
		652044C324EAD6FD00BBB82C /* arr20.jpg */ = {isa = PBXFileReference; lastKnownFileType = image.jpeg; path = arr20.jpg; sourceTree = "<group>"; };
		652044C424EAD6FD00BBB82C /* arr16.jpg */ = {isa = PBXFileReference; lastKnownFileType = image.jpeg; path = arr16.jpg; sourceTree = "<group>"; };
		652044C524EAD6FD00BBB82C /* arr19.jpg */ = {isa = PBXFileReference; lastKnownFileType = image.jpeg; path = arr19.jpg; sourceTree = "<group>"; };
		652044C624EAD6FD00BBB82C /* arr17.jpg */ = {isa = PBXFileReference; lastKnownFileType = image.jpeg; path = arr17.jpg; sourceTree = "<group>"; };
		652044C724EAD6FD00BBB82C /* arr18.jpg */ = {isa = PBXFileReference; lastKnownFileType = image.jpeg; path = arr18.jpg; sourceTree = "<group>"; };
		652044CD24EAF0CC00BBB82C /* Color.xcassets */ = {isa = PBXFileReference; lastKnownFileType = folder.assetcatalog; path = Color.xcassets; sourceTree = "<group>"; };
		6527CFCB24DE8B1500A675A2 /* Paris Guide.app */ = {isa = PBXFileReference; explicitFileType = wrapper.application; includeInIndex = 0; path = "Paris Guide.app"; sourceTree = BUILT_PRODUCTS_DIR; };
		6527CFCE24DE8B1500A675A2 /* AppDelegate.swift */ = {isa = PBXFileReference; lastKnownFileType = sourcecode.swift; path = AppDelegate.swift; sourceTree = "<group>"; };
		6527CFD024DE8B1500A675A2 /* SceneDelegate.swift */ = {isa = PBXFileReference; lastKnownFileType = sourcecode.swift; path = SceneDelegate.swift; sourceTree = "<group>"; };
		6527CFD224DE8B1500A675A2 /* ContentView.swift */ = {isa = PBXFileReference; lastKnownFileType = sourcecode.swift; path = ContentView.swift; sourceTree = "<group>"; };
		6527CFD424DE8B1800A675A2 /* Assets.xcassets */ = {isa = PBXFileReference; lastKnownFileType = folder.assetcatalog; path = Assets.xcassets; sourceTree = "<group>"; };
		6527CFD724DE8B1800A675A2 /* Preview Assets.xcassets */ = {isa = PBXFileReference; lastKnownFileType = folder.assetcatalog; path = "Preview Assets.xcassets"; sourceTree = "<group>"; };
		6527CFDA24DE8B1800A675A2 /* Base */ = {isa = PBXFileReference; lastKnownFileType = file.storyboard; name = Base; path = Base.lproj/LaunchScreen.storyboard; sourceTree = "<group>"; };
		6527CFDC24DE8B1800A675A2 /* Info.plist */ = {isa = PBXFileReference; lastKnownFileType = text.plist.xml; path = Info.plist; sourceTree = "<group>"; };
		6527CFE224DE9BE500A675A2 /* RectangleImage.swift */ = {isa = PBXFileReference; lastKnownFileType = sourcecode.swift; path = RectangleImage.swift; sourceTree = "<group>"; };
		6527CFE424DE9F4200A675A2 /* MapView.swift */ = {isa = PBXFileReference; lastKnownFileType = sourcecode.swift; path = MapView.swift; sourceTree = "<group>"; };
		6552C49D24E5A070003A765B /* Paris.png */ = {isa = PBXFileReference; lastKnownFileType = image.png; path = Paris.png; sourceTree = "<group>"; };
		655FDDD024E5E15A0072560B /* Component 1.jpg */ = {isa = PBXFileReference; lastKnownFileType = image.jpeg; path = "Component 1.jpg"; sourceTree = "<group>"; };
		6587EF7624E539020032FA18 /* Data.swift */ = {isa = PBXFileReference; fileEncoding = 4; lastKnownFileType = sourcecode.swift; path = Data.swift; sourceTree = "<group>"; };
		6587EF7824E5390C0032FA18 /* Landmark.swift */ = {isa = PBXFileReference; fileEncoding = 4; lastKnownFileType = sourcecode.swift; path = Landmark.swift; sourceTree = "<group>"; };
		6587EF7A24E539C10032FA18 /* landmarkData.json */ = {isa = PBXFileReference; fileEncoding = 4; lastKnownFileType = text.json; path = landmarkData.json; sourceTree = "<group>"; };
		6587EFA424E573E50032FA18 /* LandmarkRows.swift */ = {isa = PBXFileReference; lastKnownFileType = sourcecode.swift; path = LandmarkRows.swift; sourceTree = "<group>"; };
		6587EFA624E575230032FA18 /* ListView.swift */ = {isa = PBXFileReference; lastKnownFileType = sourcecode.swift; path = ListView.swift; sourceTree = "<group>"; };
/* End PBXFileReference section */

/* Begin PBXFrameworksBuildPhase section */
		6527CFC824DE8B1500A675A2 /* Frameworks */ = {
			isa = PBXFrameworksBuildPhase;
			buildActionMask = 2147483647;
			files = (
			);
			runOnlyForDeploymentPostprocessing = 0;
		};
/* End PBXFrameworksBuildPhase section */

/* Begin PBXGroup section */
		6527CFC224DE8B1500A675A2 = {
			isa = PBXGroup;
			children = (
				6527CFCD24DE8B1500A675A2 /* pARRis */,
				6527CFCC24DE8B1500A675A2 /* Products */,
			);
			sourceTree = "<group>";
		};
		6527CFCC24DE8B1500A675A2 /* Products */ = {
			isa = PBXGroup;
			children = (
				6527CFCB24DE8B1500A675A2 /* Paris Guide.app */,
			);
			name = Products;
			sourceTree = "<group>";
		};
		6527CFCD24DE8B1500A675A2 /* pARRis */ = {
			isa = PBXGroup;
			children = (
				6587EF7524E530B90032FA18 /* Models */,
				6587EF7424E530830032FA18 /* Supporting Groups */,
				6587EF7324E530340032FA18 /* Resources */,
				6527CFCE24DE8B1500A675A2 /* AppDelegate.swift */,
				6527CFD024DE8B1500A675A2 /* SceneDelegate.swift */,
				652044CD24EAF0CC00BBB82C /* Color.xcassets */,
				6587EFA624E575230032FA18 /* ListView.swift */,
				6527CFD224DE8B1500A675A2 /* ContentView.swift */,
				6527CFD424DE8B1800A675A2 /* Assets.xcassets */,
				6527CFD924DE8B1800A675A2 /* LaunchScreen.storyboard */,
				6527CFDC24DE8B1800A675A2 /* Info.plist */,
				6527CFD624DE8B1800A675A2 /* Preview Content */,
			);
			path = pARRis;
			sourceTree = "<group>";
		};
		6527CFD624DE8B1800A675A2 /* Preview Content */ = {
			isa = PBXGroup;
			children = (
				6527CFD724DE8B1800A675A2 /* Preview Assets.xcassets */,
			);
			path = "Preview Content";
			sourceTree = "<group>";
		};
		6587EF7324E530340032FA18 /* Resources */ = {
			isa = PBXGroup;
			children = (
				6552C49D24E5A070003A765B /* Paris.png */,
				652044A724EACDC300BBB82C /* arr2.jpg */,
				652044A924EACE5800BBB82C /* arr3.jpg */,
				652044A524EACCEB00BBB82C /* arr1.jpg */,
				652044AB24EACEDE00BBB82C /* arr4.jpg */,
				652044AD24EACF3F00BBB82C /* arr5.jpg */,
				652044B124EAD11B00BBB82C /* arr6.jpg */,
				652044AF24EAD11A00BBB82C /* arr7.jpg */,
				652044B024EAD11A00BBB82C /* arr8.jpg */,
				652044B224EAD11B00BBB82C /* arr9.jpg */,
				652044B324EAD11B00BBB82C /* arr10.jpg */,
				652044BB24EAD47C00BBB82C /* arr11.jpg */,
				652044BC24EAD47C00BBB82C /* arr12.jpg */,
				652044BD24EAD47C00BBB82C /* arr13.jpg */,
				652044B924EAD47C00BBB82C /* arr14.jpg */,
				652044BA24EAD47C00BBB82C /* arr15.jpg */,
				652044C424EAD6FD00BBB82C /* arr16.jpg */,
				652044C624EAD6FD00BBB82C /* arr17.jpg */,
				652044C724EAD6FD00BBB82C /* arr18.jpg */,
				652044C524EAD6FD00BBB82C /* arr19.jpg */,
				652044C324EAD6FD00BBB82C /* arr20.jpg */,
				655FDDD024E5E15A0072560B /* Component 1.jpg */,
				6587EF7A24E539C10032FA18 /* landmarkData.json */,
			);
			path = Resources;
			sourceTree = "<group>";
		};
		6587EF7424E530830032FA18 /* Supporting Groups */ = {
			isa = PBXGroup;
			children = (
				6527CFE424DE9F4200A675A2 /* MapView.swift */,
				6527CFE224DE9BE500A675A2 /* RectangleImage.swift */,
				6587EFA424E573E50032FA18 /* LandmarkRows.swift */,
			);
			path = "Supporting Groups";
			sourceTree = "<group>";
		};
		6587EF7524E530B90032FA18 /* Models */ = {
			isa = PBXGroup;
			children = (
				6587EF7624E539020032FA18 /* Data.swift */,
				6587EF7824E5390C0032FA18 /* Landmark.swift */,
			);
			path = Models;
			sourceTree = "<group>";
		};
/* End PBXGroup section */

/* Begin PBXNativeTarget section */
		6527CFCA24DE8B1500A675A2 /* pARRis */ = {
			isa = PBXNativeTarget;
			buildConfigurationList = 6527CFDF24DE8B1800A675A2 /* Build configuration list for PBXNativeTarget "pARRis" */;
			buildPhases = (
				6527CFC724DE8B1500A675A2 /* Sources */,
				6527CFC824DE8B1500A675A2 /* Frameworks */,
				6527CFC924DE8B1500A675A2 /* Resources */,
			);
			buildRules = (
			);
			dependencies = (
			);
			name = pARRis;
			productName = pARRis;
			productReference = 6527CFCB24DE8B1500A675A2 /* Paris Guide.app */;
			productType = "com.apple.product-type.application";
		};
/* End PBXNativeTarget section */

/* Begin PBXProject section */
		6527CFC324DE8B1500A675A2 /* Project object */ = {
			isa = PBXProject;
			attributes = {
				LastSwiftUpdateCheck = 1160;
				LastUpgradeCheck = 1160;
				ORGANIZATIONNAME = "Andre Antoine Saint Ange";
				TargetAttributes = {
					6527CFCA24DE8B1500A675A2 = {
						CreatedOnToolsVersion = 11.6;
					};
				};
			};
			buildConfigurationList = 6527CFC624DE8B1500A675A2 /* Build configuration list for PBXProject "pARRis" */;
			compatibilityVersion = "Xcode 9.3";
			developmentRegion = en;
			hasScannedForEncodings = 0;
			knownRegions = (
				en,
				Base,
			);
			mainGroup = 6527CFC224DE8B1500A675A2;
			productRefGroup = 6527CFCC24DE8B1500A675A2 /* Products */;
			projectDirPath = "";
			projectRoot = "";
			targets = (
				6527CFCA24DE8B1500A675A2 /* pARRis */,
			);
		};
/* End PBXProject section */

/* Begin PBXResourcesBuildPhase section */
		6527CFC924DE8B1500A675A2 /* Resources */ = {
			isa = PBXResourcesBuildPhase;
			buildActionMask = 2147483647;
			files = (
				6527CFDB24DE8B1800A675A2 /* LaunchScreen.storyboard in Resources */,
				652044B724EAD11B00BBB82C /* arr9.jpg in Resources */,
				652044B424EAD11B00BBB82C /* arr7.jpg in Resources */,
				652044A824EACDC300BBB82C /* arr2.jpg in Resources */,
				652044B824EAD11B00BBB82C /* arr10.jpg in Resources */,
				652044C924EAD6FD00BBB82C /* arr16.jpg in Resources */,
				6587EF7B24E539C10032FA18 /* landmarkData.json in Resources */,
				652044CA24EAD6FD00BBB82C /* arr19.jpg in Resources */,
				652044CE24EAF0CC00BBB82C /* Color.xcassets in Resources */,
				652044C124EAD47C00BBB82C /* arr12.jpg in Resources */,
				652044C024EAD47C00BBB82C /* arr11.jpg in Resources */,
				652044BF24EAD47C00BBB82C /* arr15.jpg in Resources */,
				652044AA24EACE5800BBB82C /* arr3.jpg in Resources */,
				655FDDD124E5E15A0072560B /* Component 1.jpg in Resources */,
				652044B624EAD11B00BBB82C /* arr6.jpg in Resources */,
				6527CFD824DE8B1800A675A2 /* Preview Assets.xcassets in Resources */,
				652044AC24EACEDF00BBB82C /* arr4.jpg in Resources */,
				652044BE24EAD47C00BBB82C /* arr14.jpg in Resources */,
				6552C49E24E5A070003A765B /* Paris.png in Resources */,
				652044CC24EAD6FE00BBB82C /* arr18.jpg in Resources */,
				652044C224EAD47C00BBB82C /* arr13.jpg in Resources */,
				652044AE24EACF3F00BBB82C /* arr5.jpg in Resources */,
				652044B524EAD11B00BBB82C /* arr8.jpg in Resources */,
				652044CB24EAD6FE00BBB82C /* arr17.jpg in Resources */,
				6527CFD524DE8B1800A675A2 /* Assets.xcassets in Resources */,
				652044A624EACCEB00BBB82C /* arr1.jpg in Resources */,
				652044C824EAD6FD00BBB82C /* arr20.jpg in Resources */,
			);
			runOnlyForDeploymentPostprocessing = 0;
		};
/* End PBXResourcesBuildPhase section */

/* Begin PBXSourcesBuildPhase section */
		6527CFC724DE8B1500A675A2 /* Sources */ = {
			isa = PBXSourcesBuildPhase;
			buildActionMask = 2147483647;
			files = (
				6587EF7924E5390C0032FA18 /* Landmark.swift in Sources */,
				6527CFCF24DE8B1500A675A2 /* AppDelegate.swift in Sources */,
				6587EFA524E573E50032FA18 /* LandmarkRows.swift in Sources */,
				6587EF7724E539020032FA18 /* Data.swift in Sources */,
				6527CFE324DE9BE500A675A2 /* RectangleImage.swift in Sources */,
				6527CFE524DE9F4200A675A2 /* MapView.swift in Sources */,
				6527CFD124DE8B1500A675A2 /* SceneDelegate.swift in Sources */,
				6527CFD324DE8B1500A675A2 /* ContentView.swift in Sources */,
				6587EFA724E575230032FA18 /* ListView.swift in Sources */,
			);
			runOnlyForDeploymentPostprocessing = 0;
		};
/* End PBXSourcesBuildPhase section */

/* Begin PBXVariantGroup section */
		6527CFD924DE8B1800A675A2 /* LaunchScreen.storyboard */ = {
			isa = PBXVariantGroup;
			children = (
				6527CFDA24DE8B1800A675A2 /* Base */,
			);
			name = LaunchScreen.storyboard;
			sourceTree = "<group>";
		};
/* End PBXVariantGroup section */

/* Begin XCBuildConfiguration section */
		6527CFDD24DE8B1800A675A2 /* Debug */ = {
			isa = XCBuildConfiguration;
			buildSettings = {
				ALWAYS_SEARCH_USER_PATHS = NO;
				CLANG_ANALYZER_NONNULL = YES;
				CLANG_ANALYZER_NUMBER_OBJECT_CONVERSION = YES_AGGRESSIVE;
				CLANG_CXX_LANGUAGE_STANDARD = "gnu++14";
				CLANG_CXX_LIBRARY = "libc++";
				CLANG_ENABLE_MODULES = YES;
				CLANG_ENABLE_OBJC_ARC = YES;
				CLANG_ENABLE_OBJC_WEAK = YES;
				CLANG_WARN_BLOCK_CAPTURE_AUTORELEASING = YES;
				CLANG_WARN_BOOL_CONVERSION = YES;
				CLANG_WARN_COMMA = YES;
				CLANG_WARN_CONSTANT_CONVERSION = YES;
				CLANG_WARN_DEPRECATED_OBJC_IMPLEMENTATIONS = YES;
				CLANG_WARN_DIRECT_OBJC_ISA_USAGE = YES_ERROR;
				CLANG_WARN_DOCUMENTATION_COMMENTS = YES;
				CLANG_WARN_EMPTY_BODY = YES;
				CLANG_WARN_ENUM_CONVERSION = YES;
				CLANG_WARN_INFINITE_RECURSION = YES;
				CLANG_WARN_INT_CONVERSION = YES;
				CLANG_WARN_NON_LITERAL_NULL_CONVERSION = YES;
				CLANG_WARN_OBJC_IMPLICIT_RETAIN_SELF = YES;
				CLANG_WARN_OBJC_LITERAL_CONVERSION = YES;
				CLANG_WARN_OBJC_ROOT_CLASS = YES_ERROR;
				CLANG_WARN_RANGE_LOOP_ANALYSIS = YES;
				CLANG_WARN_STRICT_PROTOTYPES = YES;
				CLANG_WARN_SUSPICIOUS_MOVE = YES;
				CLANG_WARN_UNGUARDED_AVAILABILITY = YES_AGGRESSIVE;
				CLANG_WARN_UNREACHABLE_CODE = YES;
				CLANG_WARN__DUPLICATE_METHOD_MATCH = YES;
				COPY_PHASE_STRIP = NO;
				DEBUG_INFORMATION_FORMAT = dwarf;
				ENABLE_STRICT_OBJC_MSGSEND = YES;
				ENABLE_TESTABILITY = YES;
				GCC_C_LANGUAGE_STANDARD = gnu11;
				GCC_DYNAMIC_NO_PIC = NO;
				GCC_NO_COMMON_BLOCKS = YES;
				GCC_OPTIMIZATION_LEVEL = 0;
				GCC_PREPROCESSOR_DEFINITIONS = (
					"DEBUG=1",
					"$(inherited)",
				);
				GCC_WARN_64_TO_32_BIT_CONVERSION = YES;
				GCC_WARN_ABOUT_RETURN_TYPE = YES_ERROR;
				GCC_WARN_UNDECLARED_SELECTOR = YES;
				GCC_WARN_UNINITIALIZED_AUTOS = YES_AGGRESSIVE;
				GCC_WARN_UNUSED_FUNCTION = YES;
				GCC_WARN_UNUSED_VARIABLE = YES;
				IPHONEOS_DEPLOYMENT_TARGET = 13.6;
				MTL_ENABLE_DEBUG_INFO = INCLUDE_SOURCE;
				MTL_FAST_MATH = YES;
				ONLY_ACTIVE_ARCH = YES;
				SDKROOT = iphoneos;
				SWIFT_ACTIVE_COMPILATION_CONDITIONS = DEBUG;
				SWIFT_OPTIMIZATION_LEVEL = "-Onone";
			};
			name = Debug;
		};
		6527CFDE24DE8B1800A675A2 /* Release */ = {
			isa = XCBuildConfiguration;
			buildSettings = {
				ALWAYS_SEARCH_USER_PATHS = NO;
				CLANG_ANALYZER_NONNULL = YES;
				CLANG_ANALYZER_NUMBER_OBJECT_CONVERSION = YES_AGGRESSIVE;
				CLANG_CXX_LANGUAGE_STANDARD = "gnu++14";
				CLANG_CXX_LIBRARY = "libc++";
				CLANG_ENABLE_MODULES = YES;
				CLANG_ENABLE_OBJC_ARC = YES;
				CLANG_ENABLE_OBJC_WEAK = YES;
				CLANG_WARN_BLOCK_CAPTURE_AUTORELEASING = YES;
				CLANG_WARN_BOOL_CONVERSION = YES;
				CLANG_WARN_COMMA = YES;
				CLANG_WARN_CONSTANT_CONVERSION = YES;
				CLANG_WARN_DEPRECATED_OBJC_IMPLEMENTATIONS = YES;
				CLANG_WARN_DIRECT_OBJC_ISA_USAGE = YES_ERROR;
				CLANG_WARN_DOCUMENTATION_COMMENTS = YES;
				CLANG_WARN_EMPTY_BODY = YES;
				CLANG_WARN_ENUM_CONVERSION = YES;
				CLANG_WARN_INFINITE_RECURSION = YES;
				CLANG_WARN_INT_CONVERSION = YES;
				CLANG_WARN_NON_LITERAL_NULL_CONVERSION = YES;
				CLANG_WARN_OBJC_IMPLICIT_RETAIN_SELF = YES;
				CLANG_WARN_OBJC_LITERAL_CONVERSION = YES;
				CLANG_WARN_OBJC_ROOT_CLASS = YES_ERROR;
				CLANG_WARN_RANGE_LOOP_ANALYSIS = YES;
				CLANG_WARN_STRICT_PROTOTYPES = YES;
				CLANG_WARN_SUSPICIOUS_MOVE = YES;
				CLANG_WARN_UNGUARDED_AVAILABILITY = YES_AGGRESSIVE;
				CLANG_WARN_UNREACHABLE_CODE = YES;
				CLANG_WARN__DUPLICATE_METHOD_MATCH = YES;
				COPY_PHASE_STRIP = NO;
				DEBUG_INFORMATION_FORMAT = "dwarf-with-dsym";
				ENABLE_NS_ASSERTIONS = NO;
				ENABLE_STRICT_OBJC_MSGSEND = YES;
				GCC_C_LANGUAGE_STANDARD = gnu11;
				GCC_NO_COMMON_BLOCKS = YES;
				GCC_WARN_64_TO_32_BIT_CONVERSION = YES;
				GCC_WARN_ABOUT_RETURN_TYPE = YES_ERROR;
				GCC_WARN_UNDECLARED_SELECTOR = YES;
				GCC_WARN_UNINITIALIZED_AUTOS = YES_AGGRESSIVE;
				GCC_WARN_UNUSED_FUNCTION = YES;
				GCC_WARN_UNUSED_VARIABLE = YES;
				IPHONEOS_DEPLOYMENT_TARGET = 13.6;
				MTL_ENABLE_DEBUG_INFO = NO;
				MTL_FAST_MATH = YES;
				SDKROOT = iphoneos;
				SWIFT_COMPILATION_MODE = wholemodule;
				SWIFT_OPTIMIZATION_LEVEL = "-O";
				VALIDATE_PRODUCT = YES;
			};
			name = Release;
		};
		6527CFE024DE8B1800A675A2 /* Debug */ = {
			isa = XCBuildConfiguration;
			buildSettings = {
				ASSETCATALOG_COMPILER_APPICON_NAME = AppIcon;
				CODE_SIGN_STYLE = Automatic;
				DEVELOPMENT_ASSET_PATHS = "\"pARRis/Preview Content\"";
				DEVELOPMENT_TEAM = 26P93X6TKJ;
				ENABLE_PREVIEWS = YES;
				INFOPLIST_FILE = pARRis/Info.plist;
				LD_RUNPATH_SEARCH_PATHS = (
					"$(inherited)",
					"@executable_path/Frameworks",
				);
				PRODUCT_BUNDLE_IDENTIFIER = fr.andre.ios.app.paris;
				PRODUCT_NAME = "Paris Guide";
				SWIFT_VERSION = 5.0;
				TARGETED_DEVICE_FAMILY = "1,2";
			};
			name = Debug;
		};
		6527CFE124DE8B1800A675A2 /* Release */ = {
			isa = XCBuildConfiguration;
			buildSettings = {
				ASSETCATALOG_COMPILER_APPICON_NAME = AppIcon;
				CODE_SIGN_STYLE = Automatic;
				DEVELOPMENT_ASSET_PATHS = "\"pARRis/Preview Content\"";
				DEVELOPMENT_TEAM = 26P93X6TKJ;
				ENABLE_PREVIEWS = YES;
				INFOPLIST_FILE = pARRis/Info.plist;
				LD_RUNPATH_SEARCH_PATHS = (
					"$(inherited)",
					"@executable_path/Frameworks",
				);
				PRODUCT_BUNDLE_IDENTIFIER = fr.andre.ios.app.paris;
				PRODUCT_NAME = "Paris Guide";
				SWIFT_VERSION = 5.0;
				TARGETED_DEVICE_FAMILY = "1,2";
			};
			name = Release;
		};
/* End XCBuildConfiguration section */

/* Begin XCConfigurationList section */
		6527CFC624DE8B1500A675A2 /* Build configuration list for PBXProject "pARRis" */ = {
			isa = XCConfigurationList;
			buildConfigurations = (
				6527CFDD24DE8B1800A675A2 /* Debug */,
				6527CFDE24DE8B1800A675A2 /* Release */,
			);
			defaultConfigurationIsVisible = 0;
			defaultConfigurationName = Release;
		};
		6527CFDF24DE8B1800A675A2 /* Build configuration list for PBXNativeTarget "pARRis" */ = {
			isa = XCConfigurationList;
			buildConfigurations = (
				6527CFE024DE8B1800A675A2 /* Debug */,
				6527CFE124DE8B1800A675A2 /* Release */,
			);
			defaultConfigurationIsVisible = 0;
			defaultConfigurationName = Release;
		};
/* End XCConfigurationList section */
	};
	rootObject = 6527CFC324DE8B1500A675A2 /* Project object */;
}
